{
    "_meta": {
        "hash": {
            "sha256": "59e8aefd5d3345f19423b0a9197f27d1a2fa80572cb026cc01b197caf83b98bc"
        },
        "pipfile-spec": 6,
        "requires": {
            "python_full_version": "3.10.13",
            "python_version": "3.10"
        },
        "sources": [
            {
                "name": "pypi",
                "url": "https://pypi.org/simple",
                "verify_ssl": true
            }
        ]
    },
    "default": {
        "annotated-types": {
            "hashes": [
                "sha256:13b2beaad985e05e2d6407ee4c4f35590b11f8d693a258a561055cac8f64cab7",
                "sha256:f072f4d804ea359e4eaf198b1af7a8b0943881a87f31bb764f8bf219bb9419e0"
            ],
            "markers": "python_version >= '3.10'",
            "version": "==0.8.0"
        },
        "anyio": {
            "hashes": [
                "sha256:9f505dda5ac9f0c8309b5e8bd445a8c2bf7246f3ce950121e45ea15bc41d1494",
                "sha256:cfa139f3ed1a23ee8f88a145ddb5ac7605b8bbfd8592baacd7ce3d8bb4313c7f"
            ],
            "markers": "python_version >= '3.10'",
            "version": "==4.14.2"
        },
        "attrs": {
            "hashes": [
                "sha256:c647aa4a12dfbad9333ca4e71fe62ddc36f4e63b2d260a37a8b83d2f043ac309",
                "sha256:d03ceb89cb322a8fd706d4fb91940737b6642aa36998fe130a9bc96c985eff32"
            ],
            "markers": "python_version >= '3.9'",
            "version": "==26.1.0"
        },
        "certifi": {
            "hashes": [
                "sha256:62f22742b58a1a33014a2b6b706588a8d7e2a88ae7bd1a6ebe8c992928483775",
                "sha256:741e2c3b351ddf169a738da9f2c048608ff7f2c5cc02f1ebc6b118bb090d5d55"
            ],
            "markers": "python_version >= '3.7'",
            "version": "==2026.7.22"
        },
        "cffi": {
            "hashes": [
                "sha256:02cb7ff33ded4f1532476731f89ede53e2e488a8e6205515a82144246ffa7dcc",
                "sha256:03e9810d18c646077e501f661b682fbf5dee4676048527ca3cffe66faa9960dd",
                "sha256:0520e1f4c35f44e209cbbb421b67eec42e6a157f59444dfb6058874ff3610e5d",
                "sha256:0582a58f3051372229ca8e7f5f589f9e5632678208d8636fea3676711fdf7fe5",
                "sha256:0611e7ebf90573a535ebdc33ae9da222d037853983e13359f580fab781ca017f",
                "sha256:0a42c688d19fca6e095a53c6a6e2295a5b050a8b289f109adab02a9e61a25de6",
                "sha256:0a96b74cda968eebbad56d973efe5098974f0a9fb323865bf99ea1fd24e3e64c",
                "sha256:10537b1df4967ca26d21e5072d7d54188354483b91dc75058968d3f0cf13fbda",
                "sha256:11b3fb55f4f8ad92274ed26705f65d8f91457de71f5380061eb6d125a768fecd",
                "sha256:15faec4adfff450819f3aee0e2e02c812de6edb88203aa58807955db2003472a",
                "sha256:164bff1657b2a74f0b6d54e11c9b375bc97b931f2ca9c43fcf875838da1570dd",
                "sha256:1854b724d00f6654c742097d5387569021be12d3a0f770eae1df8f8acfcc6acd",
                "sha256:19c54ac121cad98450b4896fa9a43ee0180d57bc4bc911a33db6cab1efab6cd3",
                "sha256:1b96bfe2c4bd825681b7d311ad6d9b7280a091f43e8f63da5729638083cd3bfb",
                "sha256:1e9f50d192a3e525b15a75ab5114e442d83d657b7ec29182a991bc9a88fd3a66",
                "sha256:1ff3456eab0d889592d1936d6125bbfbc7ae4d3354a700f8bd80450a66445d4d",
                "sha256:2282cd5e38aa8accd03e99d1256af8411c84cdbee6a89d841b563fdbd1f3e50f",
                "sha256:276f20fffd7b396e12516ba8edf9509210ac248cbbc5acbc39cd512f9f59ebe6",
                "sha256:2b71d409cccee78310ab5dec549aed052aaea483346e282c7b02362596e01bb0",
                "sha256:2e9dabb9abcb7ad15938c7196ad5c1718a4e6d33cc79b4c0209bdb64c4a54a5c",
                "sha256:30b65779d598c370374fefabf138d456fd6f3216bfa7bedfab1ba82025b0cd93",
                "sha256:33eb1ad83ebe8f313e0df035c406227d55a79456704a863fad9842136af5ad7d",
                "sha256:35aaea0c7ee0e58a5cd8c2fd1a48fdf7ece0d2699b7ecdda08194e9ce5dd9b3d",
                "sha256:3681e031db29958a7502f5c0c9d6bbc4c36cb20f7b104086fa642d1799631ff8",
                "sha256:379de10ce1ba048b1448599d1b37b24caee16309d1ac98d3982fc997f768700b",
                "sha256:37f525a7e7e50c017fdebe58b787be310ad59357ae43a053943a6e1a6c526001",
                "sha256:3b926723c13eba9f81d2ef3820d63aeceec3b2d4639906047bf675cb8a7a500d",
                "sha256:3d7f118b5adbfdfead90c25822690b02bc8074fba949bb7858bec4ebd55adb43",
                "sha256:46b1c8db8f6122420f32d02fffb924c2fe9bc772d228c7c711748fff56aabb2b",
                "sha256:47ff3a8bfd8cb9da1af7524b965127095055654c177fcfc7578debcb015eecd0",
                "sha256:4d433a51f1870e43a13b6732f92aaf540ff77c2015097c78556f75a2d6c030e0",
                "sha256:4f26194e3d95e06501b942642855aed4f953d55e95d7d01b7c4483db3ecff458",
                "sha256:510aeeeac94811b138077451da1fb18b308a5feab47dd2b603af55804155e1c8",
                "sha256:5972433ad71a9e46516584ef60a0fda12d9dc459938d1539c3ddecf9bdc1368d",
                "sha256:5ecbd0499275d57506d397eebe1981cee87b47fcd9ef5c22cab7ed7644a39a94",
                "sha256:6274dcb2d15cef48daa73ed1be5a40d501d74dccd0cd6db364776d12cb6ba022",
                "sha256:63960549e4f8dc41e31accb97b975abaecfc44c03e396c093a6436763c2ea7db",
                "sha256:64c753a0f87a256020004f37a1c8c02c480e725f910f0b2a0f3f07debd1b2479",
                "sha256:6af371f3767faeffc6ac1ef57cdfd25844403e9d3f476c5537caee499de96376",
                "sha256:6ca4919c6e4f89aa99c42510b42cf54596892c00b3f9077f6bdd1505e24b9c8d",
                "sha256:6d194185eabd279f1c05ebe3504265ddfc5ad2b58d0714f7db9f01da592e9eb6",
                "sha256:702c436735fbe99d59ada02a1f65cfc0d31c0ee8b7290912f8fbc5cd1e4b16c3",
                "sha256:716ff8ec22f20b4d988b12884086bcef0fc99737043e503f7a3935a6be99b1ea",
                "sha256:762f99479dcb369f60ab9017ad4ab97a36a1dd7c1ee5a3b15db0f4b8659120cd",
                "sha256:7762faa47e8ff7eb80bd261d9a7d8eea2d8baa69de5e95b70c1f338bbe712f02",
                "sha256:78474632761faa0fb96f30b1c928c84ebcf68713cbb80d15bab09dfe61640fde",
                "sha256:799416bae98336e400981ff6e532d67d5c709cfb30afb79865a1315f94b0e224",
                "sha256:7d034dcffa09e9a46c93fa3a3be402096cb5354ac6e41ab8e5cc9cd8b642ad76",
                "sha256:7d28dff1db6764108bc30788d85d61c876beff416d9a49cb9dd7c5a9f34f5804",
                "sha256:7d3538f9c0e50670f4deb93dbb696576e60590369cae2faf7de681e597a8a1f1",
                "sha256:7d5980a3433d4b71a5e120f9dd551403d7824e31e2e67124fe2769c404c06913",
                "sha256:7ea6b3e2c4250ff1de21c630fe72d0f63eb95c2c32ffbf64a358cf4a8836d714",
                "sha256:86cf8755a791f72c85dc287128cc62d4f24d392e3f1e15837245623f4a33cccc",
                "sha256:88023dfe18799507b73f1dbb0d14326a17465de1bc9c9c7655c22845e9ddc3a2",
                "sha256:89095c1968b4ba8285840e131bf2891b09ae137fe2146905acae0354fbce1b5e",
                "sha256:8d35c139744adb3e727cd51b1a18324bbe44b8bd41bf8322bca4d41289f48eda",
                "sha256:8e74a6135550c4748af665b1b1118b6aab33b1fc6a16f9aff630af107c3b4512",
                "sha256:8f9ec95b8a043d3dfbc74d9abc6f7baf524dd27a8dc160b0a32ff9cdab650c28",
                "sha256:90bec57cf82089383bd06a605b3eb8daebf7e5a668520beaf6e327a83a947699",
                "sha256:95f2954c2c9473d892eca6e0409f3568b37ab62a8eedb122461f73cc273476e3",
                "sha256:961be50688f7fba2fa65f63712d3b9b341a22311f5253460ce933f52f0de1c8c",
                "sha256:98fff996e983a36d3aa2eca83af40c5821202e7e6f32d13ae94e3d2286f10cfe",
                "sha256:9b8f0f26ca4e7513c534d351eca551947d053fac438f2a04ac96d882909b0d3a",
                "sha256:9d72af0cf10a76a600a9690078fe31c63b9588c8e86bf9fd353f713c84b5db0f",
                "sha256:9d8272c0e483b024e1b9ad029821470ed8ec65631dbd90217469da0e7cd89f1c",
                "sha256:a016194dbe13d14ee9556e734b772d8d67b947092b268d757fd4290e3ba2dfc2",
                "sha256:a5781494d4d400a3f47f8f1da94b324f6e6b440a53387774002890a2a2f4b50f",
                "sha256:a95b05f9baf29b91171b3a8bd2020b028835243e7b0ff6bb23e2a3c228518b1b",
                "sha256:aa7a1b53a2a4452ada2d1b5dade9960b2522f1e61293a811a077439e39029565",
                "sha256:ac0f1a2d0cfa7eea3f2aaf006ab6e70e8feeb16b75d65b7e5939982ca2f11056",
                "sha256:af5e2915d41fe6c961694d7bfdc8562942638200f3ce2765dfb8b745cf997629",
                "sha256:b6422532152adf4e59b110cb2808cee7a033800952f5c036b4af047ee43199e7",
                "sha256:b65f590ef2a44640f9a05dbb548a429b4ade77913ce683ac8b1480777658a6c0",
                "sha256:ba00f661f8ba35d075c937174e27c2c421cec3942fd2e0ea3e66996757c0fdd9",
                "sha256:bccbbb5ee76a61f9d99b5bf3846a51d7fca4b6a732fe46f89295610edaf41853",
                "sha256:bf01d8c84cbea96b944c73b22182e6c7c432b3475632b8111dbfdc95ddad6e13",
                "sha256:bf5c6cf48238b0eb4c086978c492ad1cbc22373fc5b2d7353b3a598ce6db887a",
                "sha256:c16914df9fb7f500e440e6875fa23ff5e0b31db01fa9c06af98d59a91f0dc2e4",
                "sha256:c351efb95e832a853a29361675f33a7ce53de1a109cd73fd47af0712213aa4ce",
                "sha256:c4165821e131d6d4ca444347c2b694e2311bcfa3fe5a861cc72968f28867beac",
                "sha256:c5f5df567f6eb216de69be06ce55c8b714090fae02b18a3b40da8163b8c5fa9c",
                "sha256:c941bb58d5a6e1c3892d86e42927ed6c180302f07e6d395d08c416e594b98b46",
                "sha256:c97f080ea627e2863524c5af3836e2270b5f5dfff1f104392b959f8df0c5d384",
                "sha256:cb96698e3c7413d906ce83f8ffd245ec1bd94707541f299d0ce4d6b0193e982b",
                "sha256:cbb7640ce37159548d2147b5b8c241f962143d4c71231431820783f4dc78f210",
                "sha256:cdf2448aab5f661c9315308ec8b93f4e8a1a67a3c733f8631067a2b67d5913dc",
                "sha256:d2117334c3af3bdcb9a88522b844a2bdb5efdc4f71c6c822df55486ae1c3347a",
                "sha256:d53d10f7da99ae46f7373b9150393e9c5eab9b224909982b43832668de4779f5",
                "sha256:d9fafc5aa2e2a39aaf7f8cc0c1f044a9b07fca12e558dca53a3cc5c654ad67a7",
                "sha256:db3eb7d46527159a878ec3460e9d40615bc25ba337d477db681aea6e4f05c5d2",
                "sha256:dbf7c7a88e2bac086f06d14577332760bdeecc42bdec8ac4077f6260557d9326",
                "sha256:df2b82571a1b30f58a87bf4e5a9e78d2b1eff6c6ce8fd3aa3757221f93f0863f",
                "sha256:df92f2aba50eb4d96718b68ef76f2e57a57b54f2fa62333496d16c6d585a85ca",
                "sha256:eb4e8997a49aa2c08a3e43c9045d224448b8941d88e7ac163c7d383e560cbf98",
                "sha256:efc1cdd798b1aaf39b4610bba7aad28c9bea9b910f25c784ccf9ec1fa719d1f9",
                "sha256:f146d154428a2523f9cc7936c02353c2459b8f6cf07d3cd1ee1c0a611109c5d5",
                "sha256:f5bce581e6b8c235e566a14768a943b172ada3ed73537bb0c0be1edee312d4e7",
                "sha256:f9912624a0c0b834b7520d7769b3644453aabc0a7e1c839da7359f050750e9bc",
                "sha256:fb62edb5bb52cca65fab91a63afa7561607120d26090a7e8fda6fb9f064726da",
                "sha256:ff067a8d8d880e7809e4ac88eb009bb848870115317b306666502ccad30b147f"
            ],
            "markers": "python_version >= '3.10'",
            "version": "==2.1.0"
        },
        "click": {
            "hashes": [
                "sha256:9a6cea6e60b17ebe0a44c5cc636d94f09bd66142c1cd7d8b4cd731c4917a15f6",
                "sha256:e6f9f66136c816745b9d65817da91d61d957fb16e02e4dcd0552553c5a197b76"
            ],
            "markers": "python_version >= '3.10'",
            "version": "==8.4.2"
        },
        "cryptography": {
            "hashes": [
                "sha256:031e2d5dd4bb9caa3ca9c82e5a197fd8ae680232cee62603d1a813f3f07e3d03",
                "sha256:06a32a980526a6ab9a4b9bf8f7385800791e2bb960903cb6b530e4817509a3b7",
                "sha256:07479a1cb08219ab719147e742e76090c9c773321959bb94946fffdd397a6437",
                "sha256:07949c449a1abcf60d1ee6e88956d89404c7df3c8258f46589e912988e551987",
                "sha256:105110f43a471dbd0060b9c9516cb8a6a79233631a04cc2ba16f28323ac6e025",
                "sha256:11b74db56cdbe3cdee6e3f6982ecb70334fa10dce99ed58bf7894aaaa3b2a037",
                "sha256:12b9c6996425c76ea6c457ace4f3073e715b8c545add07cd1a8f3a4f90691269",
                "sha256:1489e263a8048bb8b6a8bac662eb2d402ea5d2b7b4699b72f385f1e2772db105",
                "sha256:19736989797678c6af1e55cd49055cdbcb55d8f6b5583ac5335f933aba9101dc",
                "sha256:1b4a266766514614f8aa60416e71f2fc6e575d36e7bdc90f644fadb2f4b75b95",
                "sha256:2a8183b489dc1f7f80f135780fadc1108f14b31b8a40411c7a5b17425f65f28b",
                "sha256:37fdb0d0111f1e2ff07139dfb79f1b49531f8e213c46f1163dd7642979b58c47",
                "sha256:3f5735ffe4996d28b809371756219f5354864902a3b9e7c0b9ee87041209fc9c",
                "sha256:49e7d93abdbd2990caced757e5fade25302f719c3c8fb6e6fff2dde98999fc41",
                "sha256:5e34edd123674534acd70147f0ca331eaa2c74e6325fb2028c886aa26ba0b68c",
                "sha256:62598a8a57f815db4c6259a4e97d857dab56697e7de8e8ab02352ab74da1995d",
                "sha256:65c2c3add92b45fd0709db8594536aea39c2a67af0e27ffcf049c498501140b7",
                "sha256:6ba6a53445bd3cfa809ef3ef5f1589aa6ba08784a1d962bf47d0940e871dab1c",
                "sha256:6e7d61120573a7f2cd94cc095f9e81f6967c61ccdf194285aa143ecec8e0b708",
                "sha256:7cec5b856506da6defb290f30c9ee687d5f5e8cb0bd3f6459dde43b0b4fa40ef",
                "sha256:80b63928fa35083b33966ce1efb70e5b9607181e49dcd1c22c8c005e319f667f",
                "sha256:82148ec5bddac30b51a5b3c1945075f896fa022cb93f8e4a01e9f6ee95292c5f",
                "sha256:828743d939e9629bc267b8e2d08d8bb67cd4319c771a33d4b18b22dd8fb7440a",
                "sha256:8d89f3976b10b4ce31118de72329025f70d2c6ead14a8217c5514dd2c6d5a78f",
                "sha256:8eb5e1172eb569ea8a872796576e6a67c276351728b6455d5beb01242b027c6a",
                "sha256:900131fafd8aead39ac7dd3a7e833be754c17a95cfd91221636949fe4eb0aa8a",
                "sha256:910d11e1a385c654bf738bf3e6b8e6ed5de0f5610fcae2be9e5b398d8081d20e",
                "sha256:910e1d2668e7de9648f2bcee30e180db2a6b15c30f887d7c4c93ddf96e3992e3",
                "sha256:9aa87839c383bdbab6ef865787a1fb877af8dd03464c4400322726feaaadfc6d",
                "sha256:a1b30560f2acc95aa8b2e06e716a13dbfc97314747b80d9707e307f77b40d6b3",
                "sha256:a91296cb61e8df6f86d0c19cc4068228da256bf59bf86049fbd821084565327f",
                "sha256:b42a28c1844fd9de8f3f7d540e36b66f3a9c83fceac7170ebc7a6a19edd9dcae",
                "sha256:bd1c592e4d5974f0d08d4888e432157adba757c66da0246918e43677fafa2d30",
                "sha256:c87f62a3d3b9888ed0fdde100ec06aa61ca9cd44bad9057d1dff9a516b5f5bb9",
                "sha256:c99c003e088647b8a5b7c145d6f78c335f6348332b62e142d411c4b63d1460b9",
                "sha256:ccdc4a71a4dabae05de219404f9f4abc38e3b58422177ff93d0da05967dafa07",
                "sha256:d24fead1d4d076e1bfb006dcec392074a3cd8d7b4fc8a595aa64073b2b7a96ba",
                "sha256:d58c3db7cd6eed54e6c06744db55456b65ebd7492ddeae9c1e93cfca7aa857d3",
                "sha256:d764dcf130c428ef66786f866dd750f53182bc608813489915e9fc106bb0c82f",
                "sha256:df2a58a472f332225671c35b0a830208b86d004f82baa8530fa3782c85646533",
                "sha256:e722f16708d854fe924790e051061f6704a472c3bac347b6fd88033ea8dd0dc5",
                "sha256:ecfed7367f965a0328cfbdd70da860f15441f002f613185668c6e6ebf5a0ac11",
                "sha256:eeac2acb5a20ed25e0ad6d1df9891a520b78b404266b6d11778f25d5d691a6c9",
                "sha256:f59e38625469987d7ef6d495323c55e7db6c212eaf6112267e0d3b565a2e9c9f",
                "sha256:f89831ef99dd7dd169ab06d63a831adb9e20a87aac6d380266bbda5823349169",
                "sha256:fd9192b7b70c573d7f214eb1ae35e00d359f6f5e4b27c7e21e30de1fc6204645"
            ],
            "markers": "python_version >= '3.9' and python_full_version not in '3.9.0, 3.9.1'",
            "version": "==50.0.0"
        },
        "exceptiongroup": {
            "hashes": [
                "sha256:8b412432c6055b0b7d14c310000ae93352ed6754f70fa8f7c34141f91c4e3219",
                "sha256:a7a39a3bd276781e98394987d3a5701d0c4edffb633bb7a5144577f82c773598"
            ],
            "markers": "python_version >= '3.7'",
            "version": "==1.3.1"
        },
        "h11": {
            "hashes": [
                "sha256:4e35b956cf45792e4caa5885e69fba00bdbc6ffafbfa020300e549b208ee5ff1",
                "sha256:63cf8bbe7522de3bf65932fda1d9c2772064ffb3dae62d55932da54b31cb6c86"
            ],
            "markers": "python_version >= '3.8'",
            "version": "==0.16.0"
        },
        "httpcore": {
            "hashes": [
                "sha256:2d400746a40668fc9dec9810239072b40b4484b640a8c38fd654a024c7a1bf55",
                "sha256:6e34463af53fd2ab5d807f399a9b45ea31c3dfa2276f15a2c3f00afff6e176e8"
            ],
            "markers": "python_version >= '3.8'",
            "version": "==1.0.9"
        },
        "httpx": {
            "hashes": [
                "sha256:75e98c5f16b0f35b567856f597f06ff2270a374470a5c2392242528e3e3e42fc",
                "sha256:d909fcccc110f8c7faf814ca82a9a4d816bc5a6dbfea25d6591d6985b8ba59ad"
            ],
            "index": "pypi",
            "markers": "python_version >= '3.8'",
            "version": "==0.28.1"
        },
        "httpx-sse": {
            "hashes": [
                "sha256:0ac1c9fe3c0afad2e0ebb25a934a59f4c7823b60792691f779fad2c5568830fc",
                "sha256:9b1ed0127459a66014aec3c56bebd93da3c1bc8bb6618c8082039a44889a755d"
            ],
            "markers": "python_version >= '3.9'",
            "version": "==0.4.3"
        },
        "idna": {
            "hashes": [
                "sha256:7f952cbe720b688055e3f87de14f5c3e5fdaa8bc3928985c4077ca689de849a2",
                "sha256:ffb385a7e039654cef1ab9ef32c6fafe283c0c0467bba1d9029738ce4a14a848"
            ],
            "markers": "python_version >= '3.9'",
            "version": "==3.18"
        },
        "jsonschema": {
            "hashes": [
                "sha256:0c26707e2efad8aa1bfc5b7ce170f3fccc2e4918ff85989ba9ffa9facb2be326",
                "sha256:d489f15263b8d200f8387e64b4c3a75f06629559fb73deb8fdfb525f2dab50ce"
            ],
            "markers": "python_version >= '3.10'",
            "version": "==4.26.0"
        },
        "jsonschema-specifications": {
            "hashes": [
                "sha256:98802fee3a11ee76ecaca44429fda8a41bff98b00a0f2838151b113f210cc6fe",
                "sha256:b540987f239e745613c7a9176f3edb72b832a4ac465cf02712288397832b5e8d"
            ],
            "markers": "python_version >= '3.9'",
            "version": "==2025.9.1"
        },
        "mcp": {
            "hashes": [
                "sha256:52d01f334de1868cc3bb2d6604931126a67631f99a6c5d3b82ba47290315ec36",
                "sha256:f5a075bb611f23d6f4d080c6a1699fa62772eebc562ba9e66b306ddde1c755f7"
            ],
            "index": "pypi",
            "markers": "python_version >= '3.10'",
            "version": "==1.29.0"
        },
        "pycparser": {
            "hashes": [
                "sha256:600f49d217304a5902ac3c37e1281c9fe94e4d0489de643a9504c5cdfdfc6b29",
                "sha256:b727414169a36b7d524c1c3e31839a521725078d7b2ff038656844266160a992"
            ],
            "markers": "python_version >= '3.10'",
            "version": "==3.0"
        },
        "pydantic": {
            "hashes": [
                "sha256:45a282cde31d808236fd7ea9d919b128653c8b38b393d1c4ab335c62924d9aba",
                "sha256:c40756b57adaa8b1efeeced5c196f3f3b7c435f90e84ea7f443901bec8099ef6"
            ],
            "markers": "python_version >= '3.9'",
            "version": "==2.13.4"
        },
        "pydantic-core": {
            "hashes": [
                "sha256:00c603d540afdd6b80eb39f078f33ebd46211f02f33e34a32d9f053bba711de0",
                "sha256:0186750b482eefa11d7f435892b09c5c606193ef3375bcf94aa00ae6bfb66262",
                "sha256:041bde0a48fd37cf71cab1c9d56d3e8625a3793fef1f7dd232b3ff37e978ecda",
                "sha256:0c563b08bca408dc7f65f700633d8442fffb2421fc47b8101377e9fd65051ff0",
                "sha256:0cbe8b01f948de4286c74cdd6c667aceb38f5c1e26f0693b3983d9d74887c65e",
                "sha256:0ce40cd7b21210e99342afafbd4d0f76d784eb5b1d60f3bdc566be4983c6c73b",
                "sha256:0e96592440881c74a213e5ad528e2b24d3d4f940de2766bed9010ab1d9e51594",
                "sha256:10e17cbb10a330363733efc4d7c4d0dd827ac0909b8f6a6542298fed1ea62f29",
                "sha256:133878133d271ade3d41d1bfb2a45ec38dbdbda40bc065921c6b04e4630127e2",
                "sha256:14d4edf427bdcf950a8a02d7cb44a08614388dd6e1bdcbf4f67504fa7887da9c",
                "sha256:14f4c5d6db102bd796a627bbb3a17b4cf4574b9ae861d8b7c9a9661c6dd3362d",
                "sha256:17299feefe090f2caa5b8e37222bb5f663e4935a8bfa6931d4102e5df1a9f398",
                "sha256:184c081504d17f1c1066e430e117142b2c77d9448a97f7b65c6ac9fd9aee238d",
                "sha256:18e5ceec2ab67e6d5f1a9085e5a24c9c4e2ac4545730bfe668680bca05e555f3",
                "sha256:19e51f073cd3df251856a8a4189fbdf1de4012c3ebacfb1884f94f1eb406079f",
                "sha256:1a7dd0b3ee80d90150e3495a3a13ac34dbcbfd4f012996a6a1d8900e91b5c0fb",
                "sha256:1d8ba486450b14f3b1d63bc521d410ec7565e52f887b9fb671791886436a42f7",
                "sha256:2108ba5c1c1eca18030634489dc544844144ee36357f2f9f780b93e7ddbb44b5",
                "sha256:228ee9bae8bef5b1e97ec58302f80357c37199e0d0a99174e138d28e6957b9d9",
                "sha256:23ace664830ee0bfe014a0c7bc248b1f7f25ed7ad103852c317624a1083af462",
                "sha256:2412e734dcb48da14d4e4006b82b46b74f2518b8a26ee7e58c6844a6cd6d03c4",
                "sha256:29c61fc04a3d840155ff08e475a04809278972fe6aef51e2720554e96367e34b",
                "sha256:2f84c03c8607173d16b5a854ec68a2f9079ae03237a54fb506d13af47e1d018d",
                "sha256:3009f12e4e90b7f88b4f9adb1b0c4a3d58fe7820f3238c190047209d148026df",
                "sha256:3245406455a5d98187ec35530fd772b1d799b26667980872c8d4614991e2c4a2",
                "sha256:3447661d99f75a3683a4cf5c87da72f2161964611864dbbeac7fbb118bb4bfc0",
                "sha256:372429a130e469c9cd698925ce5fc50940b7a1336b0d82038e63d5bbc4edc519",
                "sha256:395aebd9183f9d112f569aeb5b2214d1a10a33bec8456447f7fbdfa51d38d4cd",
                "sha256:3a233125ac121aa3ffba9a2b59edfc4a985a76092dc8279586ab4b71390875e7",
                "sha256:3be77f45df024d789a672ae34f8b06fb346c4f9f46ea714956660ea4862e89ac",
                "sha256:3bf92c5d0e00fefaab325a4d27828fe6b6e2a21848686b5b60d2d9eeb09d76c6",
                "sha256:3ecbc122d18468d06ca279dc26a8c2e2d5acb10943bb35e36ae92096dc3b5565",
                "sha256:3fb702cd90b0446a3a1c5e470bfa0dd23c0233b676a9099ddcc964fa6ca13898",
                "sha256:428e04521a40150c85216fc8b85e8d39fece235a9cf5e383761238c7fa9b96fb",
                "sha256:432c179df7874eeb73307aad2df0755e1ae0efa61ff0ea89b93e194411ae3928",
                "sha256:4a05d69cba51d852c5c3e92758653245a50c0b646ced0cf05bd793ed592839d6",
                "sha256:4c63ebc82684aa89d9a3bcbd13d515b3be44250dc68dd3bd81526c1cb31286c3",
                "sha256:4fc73cb559bdb54b1134a706a2802a4cddd27a0633f5abb7e53056268751ac6a",
                "sha256:4fcbe087dbc2068af7eda3aa87634eba216dbda64d1ae73c8684b621d33f6596",
                "sha256:56cb4851bcaf3d117eddcef4fe66afd750a50274b0da8e22be256d10e5611987",
                "sha256:5855698a4856556d86e8e6cd8434bc3ac0314ee8e12089ae0e143f64c6256e4e",
                "sha256:5a4330cdbc57162e4b3aa303f588ba752257694c9c9be3e7ebb11b4aca659b5d",
                "sha256:5b712b53160b79a5850310b912a5ef8e57e56947c8ad690c227f5c9d7e561712",
                "sha256:5d5902252db0d3cedf8d4a1bc68f70eeb430f7e4c7104c8c476753519b423008",
                "sha256:617d7e2ca7dcb8c5cf6bcb8c59b8832c94b36196bbf1cbd1bfb56ed341905edd",
                "sha256:62f875393d7f270851f20523dd2e29f082bcc82292d66db2b64ea71f64b6e1c1",
                "sha256:633147d34cf4550417f12e2b1a0383973bdf5cdfde212cb09e9a581cf10820be",
                "sha256:66ce7632c22d837c95301830e111ad0128a32b8207533b60896a96c4915192ea",
                "sha256:6b3ace8194b0e5204818c92802dcdca7fc6d88aabbb799d7c795540d9cd6d292",
                "sha256:6f2eeda33a839975441c86a4119e1383c50b47faf0cbb5176985565c6bb02c33",
                "sha256:7027560ee92211647d0d34e3f7cd6f50da56399d26a9c8ad0da286d3869a53f3",
                "sha256:7283d57845ecf5a163403eb0702dfc220cc4fbdd18919cb5ccea4f95ee1cdab4",
                "sha256:7a5f930472650a82629163023e630d160863fce524c616f4e5186e5de9d9a49b",
                "sha256:7bfb192b3f4b9e8a89b6277b6ce787564f62cfd272055f6e685726b111dc7826",
                "sha256:811ff8e9c313ab425368bcbb36e5c4ebd7108c2bbf4e4089cfbb0b01eff63fac",
                "sha256:8233f2947cf85404441fd7e0085f53b10c93e0ee78611099b5c7237e36aacbf7",
                "sha256:82cf5301172168103724d49a1444d3378cb20cdee30b116a1bd6031236298a5d",
                "sha256:8358a950c8909158e3df31538a7e4edc2d7265a7c54b47f0864d9e5bae9dcebf",
                "sha256:85bb3611ff1802f3ee7fdd7dbff26b56f343fb432d57a4728fdd49b6ef35e2f4",
                "sha256:86e1a4418c6cd97d60c95c71164158eaf7324fae7b0923264016baa993eba6fc",
                "sha256:8b9bab013d1c7a79d3501ff86d0bc9c31bf587db4551677b96bec07df78c6b15",
                "sha256:8c5dac79fa1614d1e06ca695109c6105923bd9c7d1d6c918d4e637b7e6b32fd3",
                "sha256:8d0820e8192167f80d88d64038e609c31452eeca865b4e1d9950a27a4609b00b",
                "sha256:8daafc69c93ee8a0204506a3b6b30f586ef54028f52aeeeb5c4cfc5184fd5914",
                "sha256:9037063db01f09b09e237c282b6792bd4da634b5402c4e7f0c61effed7701a04",
                "sha256:905a0ed8ea6f2d61c1738835f99b699348d7857379083e5fc497fa0c967a407c",
                "sha256:90884113d8b48f760e9587002789ddd741e76ab9f89518cd1e43b1f1a52ec44b",
                "sha256:91a06d2e259ecfbd8c901d70c3c507900458498142b3026a296b7de4d1322cc9",
                "sha256:926c9541b14b12b1681dca8a0b75feb510b06c6341b70a8e500c2fdcff837cce",
                "sha256:9401557acd873c3a7f3eb9383edef8ac4968f9510e340f4808d427e75667e7b4",
                "sha256:9551187363ffc0de2a00b2e47c25aeaeb1020b69b668762966df15fc5659dd5a",
                "sha256:962ccbab7b642487b1d8b7df90ef677e03134cf1fd8880bf698649b22a69371f",
                "sha256:97e7cf2be5c77b7d1a9713a05605d49460d02c6078d38d8bef3cbe323c548424",
                "sha256:9aa768456404a8bf48a4406685ac2bec8e72b62c69313734fa3b73cf33b3a894",
                "sha256:9bc519fbf2b7578398853d815009ae5e4d4603d12f4e3f91da8c06852d3da3e9",
                "sha256:9d56801be94b86a9da183e5f3766e6310752b99ff647e38b09a9500d88e46e76",
                "sha256:9f444c499b3eefd3a92e348059471ea0c3a6e303d9c1cec09fa748fd9f895201",
                "sha256:9fa8ae11da9e2b3126c6426f147e0fba88d96d65921799bb30c6abd1cb2c97fb",
                "sha256:a0f62d0a58f4e7da165457e995725421e0064f2255d8eccebc49f41bbc23b109",
                "sha256:a396dcc17e5a0b164dbe026896245a4fa9ff402edca1dff0be3d53a517f74de4",
                "sha256:aaa2a54443eff1950ba5ddc6b6ccda0d9c84a364276a62f969bdf2a390650848",
                "sha256:ad785e92e6dc634c21555edc8bd6b64957ab844541bcb96a1366c202951ae526",
                "sha256:af8244b2bef6aaad6d92cda81372de7f8c8d36c9f0c3ea36e827c60e7d9467a0",
                "sha256:b078afbc25f3a1436c7a1d2cd3e322497ee99615ba97c563566fdf46aff1ee01",
                "sha256:b2f69dec1725e79a012d920df1707de5caf7ed5e08f3be4435e25803efc47458",
                "sha256:b8458003118a712e66286df6a707db01c52c0f52f7db8e4a38f0da1d3b94fc4e",
                "sha256:bb63e0198ca18aad131c089b9204c23079c3afa95487e561f4c522d519e55aba",
                "sha256:bfec22eab3c8cc2ceec0248aec886624116dc079afa027ecc8ad4a7e62010f8a",
                "sha256:c1747f85cee84c26985853c6f3d9bd3e75da5212912443fa111c113b9c246f39",
                "sha256:c1b3f518abeca3aa13c712fd202306e145abf59a18b094a6bafb2d2bbf59192c",
                "sha256:c50f2528cf200c5eed56faf3f4e22fcd5f38c157a8b78576e6ba3168ec35f000",
                "sha256:c68fcd102d71ea85c5b2dfac3f4f8476eff42a9e078fd5faefff6d145063536b",
                "sha256:c7a7bd4e39e8e4c12c39cd480356842b6a8a06e41b23a55a5e3e191718838ddf",
                "sha256:c94f0688e7b8d0a67abf40e57a7eaaecd17cc9586706a31b76c031f63df052b4",
                "sha256:cbaf13819775b7f769bf4a1f066cb6df7a28d4480081a589828ef190226881cd",
                "sha256:cd2213145bcc2ba85884d0ac63d222fece9209678f77b9b4d76f054c561adb28",
                "sha256:ce5c1d2a8b27468f433ca974829c44060b8097eedc39933e3c206a90ee49c4a9",
                "sha256:d396ec2b979760aaf3218e76c24e65bd0aca24983298653b3a9d7a45f9e47b30",
                "sha256:d51026d73fcfd93610abc7b27789c26b313920fcfb20e27462d74a7f8b06e983",
                "sha256:d80ee3d731373b24cebbc10d689ca4ee1875caf0d5703a245db18efd4dd37fc1",
                "sha256:d995260fdf4e1db774581b4900e0f832abe3c7c84996726bbc161b19c8f29e76",
                "sha256:da4b951fe36dc7c3a1ccb4e3cd1747c3542b8c9ceede8fc86cae054e764485f5",
                "sha256:daa27d92c36f24388fe3ad306b174781c747627f134452e4f128ea00ce1fe8c4",
                "sha256:db06ffe51636ffe9ca531fe9023dd64bdd794be8754cb5df57c5498ae5b518a7",
                "sha256:e0d65b8c354be7fb5f720c3caa8bc940bc2d20ce749c8e06135f07f8ed95dd7c",
                "sha256:e68b7a074f65a2fd746c52a7ce6142ab7006074ac269ace0c25cd8ba171f8066",
                "sha256:e739fee756ba1010f8bcccb534252e85a35fe45ae92c295a06059ce58b74ccd3",
                "sha256:e846ae7835bf0703ae43f534ab79a867146dadd59dc9ca5c8b53d5c8f7c9ef02",
                "sha256:e9c26f834c65f5752f3f06cb08cb86a913ceb7274d0db6e267808a708b46bc89",
                "sha256:ea793e075b70290d89d8142074262885d3f7da19634845135751bd6344f73b50",
                "sha256:f027324c56cd5406ca49c124b0db10e56c69064fec039acc571c29020cc87c76",
                "sha256:f13a646d65d09fbf1bc6b3a9635d30095c8e7e5cc419ff35ecc563c5fd04cd49",
                "sha256:f47286a97f0bc9b8859519809077b91b2cefe4ae47fcbf5e466a009c1c5d742b",
                "sha256:f747929cf940cddb5b3668a390056ddd5ba2e5010615ea2dcf4f9c4f3ab8791d",
                "sha256:f99626688942fb746e545232e7726926f3be91b5975f8b55327665fafda991c7",
                "sha256:f9fa868638bf362d3d138ea55829cefb3d5f4b0d7f142234382a15e2485dbec4",
                "sha256:fbdb89b3e1c94a30cc5edfce477c6e6a5dc4d8f84665b455c27582f211a1c72c",
                "sha256:fc010ab034c8c7452522748bf937df58020d256ccae0874463d1f4d01758af8e",
                "sha256:fc3e9034a63de20e15e8ade85358bc6efc614008cab72898b4b4952bea0509ff",
                "sha256:fd8b3d9fd264be37976686c7f65cd52a83f5e84f4bfd2adf9c1d469676bbb6ae"
            ],
            "markers": "python_version >= '3.9'",
            "version": "==2.46.4"
        },
        "pydantic-settings": {
            "hashes": [
                "sha256:a20c97b37910b6550d5ea50fbcc2d4187defe58cd57070b73863d069419c9440",
                "sha256:c19dd64b19097f1de80184f0cc7b0272a13ae6e170cbf240a3e27e381ed14a5f"
            ],
            "markers": "python_version >= '3.10'",
            "version": "==2.14.2"
        },
        "pyjwt": {
            "extras": [
                "crypto"
            ],
            "hashes": [
                "sha256:41571c89ca91598c79e8ef18a2d07367d4810fbbd6f637794879baf1b7703423",
                "sha256:66adcc2aff09b3f1bbd95fc1e1577df8ac8723c978552fd43304c8a290ac5728"
            ],
            "markers": "python_version >= '3.9'",
            "version": "==2.13.0"
        },
        "python-dotenv": {
            "hashes": [
                "sha256:1d8214789a24de455a8b8bd8ae6fe3c6b69a5e3d64aa8a8e5d68e694bbcb285a",
                "sha256:2c371a91fbd7ba082c2c1dc1f8bf89ca22564a087c2c287cd9b662adde799cf3"
            ],
            "markers": "python_version >= '3.10'",
            "version": "==1.2.2"
        },
        "python-multipart": {
            "hashes": [
                "sha256:be54b7f3fa167bb83e4fcd936b887b708f4e57fe75911c02aebf53efaf8d938e",
                "sha256:ff6d3f776f16878c894e52e107296ffc890e913c611b1a4ec6c44e2821fe2e23"
            ],
            "markers": "python_version >= '3.10'",
            "version": "==0.0.32"
        },
        "referencing": {
            "hashes": [
                "sha256:381329a9f99628c9069361716891d34ad94af76e461dcb0335825aecc7692231",
                "sha256:44aefc3142c5b842538163acb373e24cce6632bd54bdb01b21ad5863489f50d8"
            ],
            "markers": "python_version >= '3.10'",
            "version": "==0.37.0"
        },
        "rpds-py": {
            "hashes": [
                "sha256:07ae8a593e1c3c6b82ca3292efbe73c30b61332fd612e05abee07c79359f292f",
                "sha256:0a59119fc6e3f460315fe9d08149f8102aa322299deaa5cab5b40092345c2136",
                "sha256:0c0e95f6819a19965ff420f65578bacb0b00f251fefe2c8b23347c37174271f3",
                "sha256:0d08f00679177226c4cb8c5265012eea897c8ca3b93f429e546600c971bcbae7",
                "sha256:0ed177ed9bded28f8deb6ab40c183cd1192aa0de40c12f38be4d59cd33cb5c65",
                "sha256:12f90dd7557b6bd57f40abe7747e81e0c0b119bef015ea7726e69fe550e394a4",
                "sha256:1726859cd0de969f88dc8673bdd954185b9104e05806be64bcd87badbe313169",
                "sha256:1ab5b83dbcf55acc8b08fc62b796ef672c457b17dbd7820a11d6c52c06839bdf",
                "sha256:1b151685b23929ab7beec71080a8889d4d6d9fa9a983d213f07121205d48e2c4",
                "sha256:1f3587eb9b17f3789ad50824084fa6f81921bbf9a795826570bda82cb3ed91f2",
                "sha256:250fa00e9543ac9b97ac258bd37367ff5256666122c2d0f2bc97577c60a1818c",
                "sha256:2771c6c15973347f50fece41fc447c054b7ac2ae0502388ce3b6738cd366e3d4",
                "sha256:27f4b0e92de5bfbc6f86e43959e6edd1425c33b5e69aab0984a72047f2bcf1e3",
                "sha256:2e6ecb5a5bcacf59c3f912155044479af1d0b6681280048b338b28e364aca1f6",
                "sha256:32c8528634e1bf7121f3de08fa85b138f4e0dc47657866630611b03967f041d7",
                "sha256:33f559f3104504506a44bb666b93a33f5d33133765b0c216a5bf2f1e1503af89",
                "sha256:3896fa1be39912cf0757753826bc8bdc8ca331a28a7c4ae46b7a21280b06bb85",
                "sha256:389a2d49eded1896c3d48b0136ead37c48e221b391c052fba3f4055c367f60a6",
                "sha256:39c02563fc592411c2c61d26b6c5fe1e51eaa44a75aa2c8735ca88b0d9599daa",
                "sha256:3adbb8179ce342d235c31ab8ec511e66c73faa27a47e076ccc92421add53e2bb",
                "sha256:3d4a69de7a3e50ffc214ae16d79d8fbb0922972da0356dcf4d0fdca2878559c6",
                "sha256:3e62880792319dbeb7eb866547f2e35973289e7d5696c6e295476448f5b63c87",
                "sha256:3e8eeb0544f2eb0d2581774be4c3410356eba189529a6b3e36bbbf9696175856",
                "sha256:422c3cb9856d80b09d30d2eb255d0754b23e090034e1deb4083f8004bd0761e4",
                "sha256:4559c972db3a360808309e06a74628b95eaccbf961c335c8fe0d590cf587456f",
                "sha256:46e83c697b1f1c72b50e5ee5adb4353eef7406fb3f2043d64c33f20ad1c2fc53",
                "sha256:47b0ef6231c58f506ef0b74d44e330405caa8428e770fec25329ed2cb971a229",
                "sha256:47e77dc9822d3ad616c3d5759ea5631a75e5809d5a28707744ef79d7a1bcfcad",
                "sha256:47f236970bccb2233267d89173d3ad2703cd36a0e2a6e92d0560d333871a3d23",
                "sha256:47f9a91efc418b54fb8190a6b4aa7813a23fb79c51f4bb84e418f5476c38b8db",
                "sha256:495aeca4b93d465efde585977365187149e75383ad2684f81519f504f5c13038",
                "sha256:4c5f36a861bc4b7da6516dbdf302c55313afa09b81931e8280361a4f6c9a2d27",
                "sha256:4cc2206b76b4f576934f0ed374b10d7ca5f457858b157ca52064bdfc26b9fc00",
                "sha256:4e7fc54e0900ab35d041b0601431b0a0eb495f0851a0639b6ef90f7741b39a18",
                "sha256:51a1234d8febafdfd33a42d97da7a43f5dcb120c1060e352a3fbc0c6d36e2083",
                "sha256:55f66022632205940f1827effeff17c4fa7ae1953d2b74a8581baaefb7d16f8c",
                "sha256:58edca431fb9b29950807e301826586e5bbf24163677732429770a697ffe6738",
                "sha256:5965af57d5848192c13534f90f9dd16464f3c37aaf166cc1da1cae1fd5a34898",
                "sha256:5ba103fb455be00f3b1c2076c9d4264bfcb037c976167a6047ed82f23153f02e",
                "sha256:5d4c2aa7c50ad4728a094ebd5eb46c452e9cb7edbfdb18f9e1221f597a73e1e7",
                "sha256:61046904275472a76c8c90c9ccee9013d70a6d0f73eecefd38c1ae7c39045a08",
                "sha256:613aa4771c99f03346e54c3f038e4cc574ac09a3ddfb0e8878487335e96dead6",
                "sha256:626a7433c34566535b6e56a1b39a7b17ba961e97ce3b80ec62e6f1312c025551",
                "sha256:669b1805bd639dd2989b281be2cfd951c6121b65e729d9b843e9639ef1fd555e",
                "sha256:679ae98e00c0e8d68a7fda324e16b90fd5260945b45d3b824c892cec9eea3288",
                "sha256:67b02ec25ba7a9e8fa74c63b6ca44cf5707f2fbfadae3ee8e7494297d56aa9df",
                "sha256:68f19c879420aa08f61203801423f6cd5ac5f0ac4ac82a2368a9fcd6a9a075e0",
                "sha256:692bef75a5525db97318e8cd061542b5a79812d711ea03dbc1f6f8dbb0c5f0d2",
                "sha256:6abc8880d9d036ecaafe709079969f56e876fcf107f7a8e9920ba6d5a3878d05",
                "sha256:6bdfdb946967d816e6adf9a3d8201bfad269c67efe6cefd7093ef959683c8de0",
                "sha256:6de2a32a1665b93233cde140ff8b3467bdb9e2af2b91079f0333a0974d12d464",
                "sha256:73c67f2db7bc334e518d097c6d1e6fed021bbc9b7d678d6cc433478365d1d5f5",
                "sha256:74a3243a411126362712ee1524dfc90c650a503502f135d54d1b352bd01f2404",
                "sha256:76fec018282b4ead0364022e3c54b60bf368b9d926877957a8624b58419169b7",
                "sha256:7c64d38fb49b6cdeda16ab49e35fe0da2e1e9b34bc38bd78386530f218b37139",
                "sha256:7cee9c752c0364588353e627da8a7e808a66873672bcb5f52890c33fd965b394",
                "sha256:7e6ecfcb62edfd632e56983964e6884851786443739dbfe3582947e87274f7cb",
                "sha256:806f36b1b605e2d6a72716f321f20036b9489d29c51c91f4dd29a3e3afb73b15",
                "sha256:858738e9c32147f78b3ac24dc0edb6610000e56dc0f700fd5f651d0a0f0eb9ff",
                "sha256:8d6d1cc13664ec13c1b84241204ff3b12f9bb82464b8ad6e7a5d3486975c2eed",
                "sha256:9027da1ce107104c50c81383cae773ef5c24d296dd11c99e2629dbd7967a20c6",
                "sha256:922e10f31f303c7c920da8981051ff6d8c1a56207dbdf330d9047f6d30b70e5e",
                "sha256:945dccface01af02675628334f7cf49c2af4c1c904748efc5cf7bbdf0b579f95",
                "sha256:946fe926af6e44f3697abbc305ea168c2c31d3e3ef1058cf68f379bf0335a78d",
                "sha256:95f0802447ac2d10bcc69f6dc28fe95fdf17940367b21d34e34c737870758950",
                "sha256:9854cf4f488b3d57b9aaeb105f06d78e5529d3145b1e4a41750167e8c213c6d3",
                "sha256:993914b8e560023bc0a8bf742c5f303551992dcb85e247b1e5c7f4a7d145bda5",
                "sha256:99b47d6ad9a6da00bec6aabe5a6279ecd3c06a329d4aa4771034a21e335c3a97",
                "sha256:9a4e86e34e9ab6b667c27f3211ca48f73dba7cd3d90f8d5b11be56e5dbc3fb4e",
                "sha256:9cf69cdda1f5968a30a359aba2f7f9aa648a9ce4b580d6826437f2b291cfc86e",
                "sha256:a090322ca841abd453d43456ac34db46e8b05fd9b3b4ac0c78bcde8b089f959b",
                "sha256:a1010ed9524c73b94d15919ca4d41d8780980e1765babf85f9a2f90d247153dd",
                "sha256:a161f20d9a43006833cd7068375a94d035714d73a172b681d8881820600abfad",
                "sha256:a1d0bc22a7cdc173fedebb73ef81e07faef93692b8c1ad3733b67e31e1b6e1b8",
                "sha256:a2bffea6a4ca9f01b3f8e548302470306689684e61602aa3d141e34da06cf425",
                "sha256:a452763cc5198f2f98898eb98f7569649fe5da666c2dc6b5ddb10fde5a574221",
                "sha256:a4796a717bf12b9da9d3ad002519a86063dcac8988b030e405704ef7d74d2d9d",
                "sha256:a51033ff701fca756439d641c0ad09a41d9242fa69121c7d8769604a0a629825",
                "sha256:a8fa71a2e078c527c3e9dc9fc5a98c9db40bcc8a92b4e8858e36d329f8684b51",
                "sha256:ac37f9f516c51e5753f27dfdef11a88330f04de2d564be3991384b2f3535d02e",
                "sha256:ac98b175585ecf4c0348fd7b29c3864bda53b805c773cbf7bfdaffc8070c976f",
                "sha256:acd7eb3f4471577b9b5a41baf02a978e8bdeb08b4b355273994f8b87032000a8",
                "sha256:ad1fa8db769b76ea911cb4e10f049d80bf518c104f15b3edb2371cc65375c46f",
                "sha256:b40fb160a2db369a194cb27943582b38f79fc4887291417685f3ad693c5a1d5d",
                "sha256:b4dc1a6ff022ff85ecafef7979a2c6eb423430e05f1165d6688234e62ba99a07",
                "sha256:ba3af48635eb83d03f6c9735dfb21785303e73d22ad03d489e88adae6eab8877",
                "sha256:ba81a9203d07805435eb06f536d95a266c21e5b2dfbf6517748ca40c98d19e31",
                "sha256:c2262bdba0ad4fc6fb5545660673925c2d2a5d9e2e0fb603aad545427be0fc58",
                "sha256:c77afbd5f5250bf27bf516c7c4a016813eb2d3e116139aed0096940c5982da94",
                "sha256:ca28829ae5f5d569bb62a79512c842a03a12576375d5ece7d2cadf8abe96ec28",
                "sha256:cdc62c8286ba9bf7f47befdcea13ea0e26bf294bda99758fd90535cbaf408000",
                "sha256:d948b135c4693daff7bc2dcfc4ec57237a29bd37e60c2fabf5aff2bbacf3e2f1",
                "sha256:d96c2086587c7c30d44f31f42eae4eac89b60dabbac18c7669be3700f13c3ce1",
                "sha256:d9a0ca5da0386dee0655b4ccdf46119df60e0f10da268d04fe7cc87886872ba7",
                "sha256:da279aa314f00acbb803da1e76fa18666778e8a8f83484fba94526da5de2cba7",
                "sha256:dbd936cde57abfee19ab3213cf9c26be06d60750e60a8e4dd85d1ab12c8b1f40",
                "sha256:dc4f992dfe1e2bc3ebc7444f6c7051b4bc13cd8e33e43511e8ffd13bf407010d",
                "sha256:dc824125c72246d924f7f796b4f63c1e9dc810c7d9e2355864b3c3a73d59ade0",
                "sha256:dd8ff7cf90014af0c0f787eea34794ebf6415242ee1d6fa91eaba725cc441e84",
                "sha256:dea5b552272a944763b34394d04577cf0f9bd013207bc32323b5a89a53cf9c2f",
                "sha256:dff13836529b921e22f15cb099751209a60009731a68519630a24d61f0b1b30a",
                "sha256:e0b65193a413ccc930671c55153a03ee57cecb49e6227204b04fae512eb657a7",
                "sha256:e5d3e6b26f2c785d65cc25ef1e5267ccbe1b069c5c21b8cc724efee290554419",
                "sha256:e7536cd91353c5273434b4e003cbda89034d67e7710eab8761fd918ec6c69cf8",
                "sha256:eb0b93f2e5c2189ee831ee43f156ed34e2a89a78a66b98cadad955972548be5a",
                "sha256:eb2c4071ab598733724c08221091e8d80e89064cd472819285a9ab0f24bcedb9",
                "sha256:ec7c4490c672c1a0389d319b3a9cfcd098dcdc4783991553c332a15acf7249be",
                "sha256:ee454b2a007d57363c2dfd5b6ca4a5d7e2c518938f8ed3b706e37e5d470801ed",
                "sha256:ee6af14263f25eedc3bb918a3c04245106a42dfd4f5c2285ea6f997b1fc3f89a",
                "sha256:f14fc5df50a716f7ece6a80b6c78bb35ea2ca47c499e422aa4463455dd96d56d",
                "sha256:f207f69853edd6f6700b86efb84999651baf3789e78a466431df1331608e5324",
                "sha256:f251c812357a3fed308d684a5079ddfb9d933860fc6de89f2b7ab00da481e65f",
                "sha256:f83424d738204d9770830d35290ff3273fbb02b41f919870479fab14b9d303b2",
                "sha256:f8d1736cfb49381ba528cd5baa46f82fdc65c06e843dab24dd70b63d09121b3f",
                "sha256:fe5fa731a1fa8a0a56b0977413f8cacac1768dad38d16b3a296712709476fbd5"
            ],
            "markers": "python_version >= '3.10'",
            "version": "==0.30.0"
        },
        "sse-starlette": {
            "hashes": [
                "sha256:56217ab4c9a9f9c5db7b21e08732d3e7c2b807f45231ad23de0551a24c4a41f6",
                "sha256:725f8a1bd6d26ae1b2c9610c0ef5065dfdd496f3988d28adcf8c4b49dc25c627"
            ],
            "markers": "python_version >= '3.10'",
            "version": "==3.4.6"
        },
        "starlette": {
            "hashes": [
                "sha256:05d0213193f2fbaae60e2ecb593b4add4262ad4e46536b54abe36f11a71724e0",
                "sha256:c7372aae11c3c3f26a42df7bd626cec2f47d03483d261d369516a615a53714c6"
            ],
            "markers": "python_version >= '3.10'",
            "version": "==1.3.1"
        },
        "typing-extensions": {
            "hashes": [
                "sha256:481caa481374e813c1b176ada14e97f1f67a4539ce9cfeb3f350d78d6370c2e8",
                "sha256:dc983d19a509c94dba722ee6abd33940f7c05a89e243c47e907eb4db6f1a43e5"
            ],
            "markers": "python_version >= '3.9'",
            "version": "==4.16.0"
        },
        "typing-inspection": {
            "hashes": [
                "sha256:4ed1cacbdc298c220f1bd249ed5287caa16f34d44ef4e9c3d0cbad5b521545e7",
                "sha256:ba561c48a67c5958007083d386c3295464928b01faa735ab8547c5692e87f464"
            ],
            "markers": "python_version >= '3.9'",
            "version": "==0.4.2"
        },
        "uvicorn": {
            "hashes": [
                "sha256:112ec661814189acbccd3f7b86460147cc065fc92c0821afa78918780e4354dd",
                "sha256:e4403f9d93188cf9d1088e9f40e3acd12630e2df8675316704379a7fc20fff6a"
            ],
            "markers": "python_version >= '3.10'",
            "version": "==0.52.1"
        }
    },
    "develop": {}
}
